
Microsoft Visual Studio Solution File, Format Version 12.00
# Visual Studio Version 17
VisualStudioVersion = 17.8.34309.116
MinimumVisualStudioVersion = 10.0.40219.1
Project("{9A19103F-16F7-4668-BE54-9A1E7A4F7556}") = "WpfEssentials", "WpfEssentials\WpfEssentials.csproj", "{6357A8E1-DDDB-4F89-B700-E14C408C9CF9}"
EndProject
Project("{9A19103F-16F7-4668-BE54-9A1E7A4F7556}") = "WpfEssentials.SampleApp", "WpfEssentials.SampleApp\WpfEssentials.SampleApp.csproj", "{CD404A08-EB51-40CB-8FE7-34605C5EA63C}"
EndProject
Global
	GlobalSection(SolutionConfigurationPlatforms) = preSolution
		Debug|Any CPU = Debug|Any CPU
		Release|Any CPU = Release|Any CPU
	EndGlobalSection
	GlobalSection(ProjectConfigurationPlatforms) = postSolution
		{6357A8E1-DDDB-4F89-B700-E14C408C9CF9}.Debug|Any CPU.ActiveCfg = Debug|Any CPU
		{6357A8E1-DDDB-4F89-B700-E14C408C9CF9}.Debug|Any CPU.Build.0 = Debug|Any CPU
		{6357A8E1-DDDB-4F89-B700-E14C408C9CF9}.Release|Any CPU.ActiveCfg = Release|Any CPU
		{6357A8E1-DDDB-4F89-B700-E14C408C9CF9}.Release|Any CPU.Build.0 = Release|Any CPU
		{CD404A08-EB51-40CB-8FE7-34605C5EA63C}.Debug|Any CPU.ActiveCfg = Debug|Any CPU
		{CD404A08-EB51-40CB-8FE7-34605C5EA63C}.Debug|Any CPU.Build.0 = Debug|Any CPU
		{CD404A08-EB51-40CB-8FE7-34605C5EA63C}.Release|Any CPU.ActiveCfg = Release|Any CPU
		{CD404A08-EB51-40CB-8FE7-34605C5EA63C}.Release|Any CPU.Build.0 = Release|Any CPU
	EndGlobalSection
	GlobalSection(SolutionProperties) = preSolution
		HideSolutionNode = FALSE
	EndGlobalSection
	GlobalSection(ExtensibilityGlobals) = postSolution
		SolutionGuid = {8CDBDEA4-0C6C-4378-9770-3C2CE4E632BC}
	EndGlobalSection
EndGlobal
